
Microsoft Visual Studio Solution File, Format Version 12.00
Project("{FAE04EC0-301F-11D3-BF4B-00C04F79EFBC}") = "TestExcel", "TestExcel\TestExcel.csproj", "{465BCA2C-B356-4335-A850-1571069FC7B1}"
EndProject
Global
	GlobalSection(SolutionConfigurationPlatforms) = preSolution
		Debug|Any CPU = Debug|Any CPU
		Release|Any CPU = Release|Any CPU
	EndGlobalSection
	GlobalSection(ProjectConfigurationPlatforms) = postSolution
		{465BCA2C-B356-4335-A850-1571069FC7B1}.Debug|Any CPU.ActiveCfg = Debug|Any CPU
		{465BCA2C-B356-4335-A850-1571069FC7B1}.Debug|Any CPU.Build.0 = Debug|Any CPU
		{465BCA2C-B356-4335-A850-1571069FC7B1}.Release|Any CPU.ActiveCfg = Release|Any CPU
		{465BCA2C-B356-4335-A850-1571069FC7B1}.Release|Any CPU.Build.0 = Release|Any CPU
	EndGlobalSection
EndGlobal
